// !$*UTF8*$!
{
	archiveVersion = 1;
	classes = {
	};
	objectVersion = 50;
	objects = {

/* Begin PBXBuildFile section */
		0BF817C52213FA7E006A9C32 /* AppDelegate.swift in Sources */ = {isa = PBXBuildFile; fileRef = 0BF817C42213FA7E006A9C32 /* AppDelegate.swift */; };
		0BF817C72213FA7E006A9C32 /* ViewController.swift in Sources */ = {isa = PBXBuildFile; fileRef = 0BF817C62213FA7E006A9C32 /* ViewController.swift */; };
		0BF817CA2213FA7E006A9C32 /* Main.storyboard in Resources */ = {isa = PBXBuildFile; fileRef = 0BF817C82213FA7E006A9C32 /* Main.storyboard */; };
		0BF817CC2213FA89006A9C32 /* Assets.xcassets in Resources */ = {isa = PBXBuildFile; fileRef = 0BF817CB2213FA89006A9C32 /* Assets.xcassets */; };
		0BF817CF2213FA89006A9C32 /* LaunchScreen.storyboard in Resources */ = {isa = PBXBuildFile; fileRef = 0BF817CD2213FA89006A9C32 /* LaunchScreen.storyboard */; };
		0BF817DA2213FA89006A9C32 /* testlabelinviewTests.swift in Sources */ = {isa = PBXBuildFile; fileRef = 0BF817D92213FA89006A9C32 /* testlabelinviewTests.swift */; };
		0BF817E52213FA89006A9C32 /* testlabelinviewUITests.swift in Sources */ = {isa = PBXBuildFile; fileRef = 0BF817E42213FA89006A9C32 /* testlabelinviewUITests.swift */; };
/* End PBXBuildFile section */

/* Begin PBXContainerItemProxy section */
		0BF817D62213FA89006A9C32 /* PBXContainerItemProxy */ = {
			isa = PBXContainerItemProxy;
			containerPortal = 0BF817B92213FA7E006A9C32 /* Project object */;
			proxyType = 1;
			remoteGlobalIDString = 0BF817C02213FA7E006A9C32;
			remoteInfo = testlabelinview;
		};
		0BF817E12213FA89006A9C32 /* PBXContainerItemProxy */ = {
			isa = PBXContainerItemProxy;
			containerPortal = 0BF817B92213FA7E006A9C32 /* Project object */;
			proxyType = 1;
			remoteGlobalIDString = 0BF817C02213FA7E006A9C32;
			remoteInfo = testlabelinview;
		};
/* End PBXContainerItemProxy section */

/* Begin PBXFileReference section */
		0BF817C12213FA7E006A9C32 /* testlabelinview.app */ = {isa = PBXFileReference; explicitFileType = wrapper.application; includeInIndex = 0; path = testlabelinview.app; sourceTree = BUILT_PRODUCTS_DIR; };
		0BF817C42213FA7E006A9C32 /* AppDelegate.swift */ = {isa = PBXFileReference; lastKnownFileType = sourcecode.swift; path = AppDelegate.swift; sourceTree = "<group>"; };
		0BF817C62213FA7E006A9C32 /* ViewController.swift */ = {isa = PBXFileReference; lastKnownFileType = sourcecode.swift; path = ViewController.swift; sourceTree = "<group>"; };
		0BF817C92213FA7E006A9C32 /* Base */ = {isa = PBXFileReference; lastKnownFileType = file.storyboard; name = Base; path = Base.lproj/Main.storyboard; sourceTree = "<group>"; };
		0BF817CB2213FA89006A9C32 /* Assets.xcassets */ = {isa = PBXFileReference; lastKnownFileType = folder.assetcatalog; path = Assets.xcassets; sourceTree = "<group>"; };
		0BF817CE2213FA89006A9C32 /* Base */ = {isa = PBXFileReference; lastKnownFileType = file.storyboard; name = Base; path = Base.lproj/LaunchScreen.storyboard; sourceTree = "<group>"; };
		0BF817D02213FA89006A9C32 /* Info.plist */ = {isa = PBXFileReference; lastKnownFileType = text.plist.xml; path = Info.plist; sourceTree = "<group>"; };
		0BF817D52213FA89006A9C32 /* testlabelinviewTests.xctest */ = {isa = PBXFileReference; explicitFileType = wrapper.cfbundle; includeInIndex = 0; path = testlabelinviewTests.xctest; sourceTree = BUILT_PRODUCTS_DIR; };
		0BF817D92213FA89006A9C32 /* testlabelinviewTests.swift */ = {isa = PBXFileReference; lastKnownFileType = sourcecode.swift; path = testlabelinviewTests.swift; sourceTree = "<group>"; };
		0BF817DB2213FA89006A9C32 /* Info.plist */ = {isa = PBXFileReference; lastKnownFileType = text.plist.xml; path = Info.plist; sourceTree = "<group>"; };
		0BF817E02213FA89006A9C32 /* testlabelinviewUITests.xctest */ = {isa = PBXFileReference; explicitFileType = wrapper.cfbundle; includeInIndex = 0; path = testlabelinviewUITests.xctest; sourceTree = BUILT_PRODUCTS_DIR; };
		0BF817E42213FA89006A9C32 /* testlabelinviewUITests.swift */ = {isa = PBXFileReference; lastKnownFileType = sourcecode.swift; path = testlabelinviewUITests.swift; sourceTree = "<group>"; };
		0BF817E62213FA89006A9C32 /* Info.plist */ = {isa = PBXFileReference; lastKnownFileType = text.plist.xml; path = Info.plist; sourceTree = "<group>"; };
/* End PBXFileReference section */

/* Begin PBXFrameworksBuildPhase section */
		0BF817BE2213FA7E006A9C32 /* Frameworks */ = {
			isa = PBXFrameworksBuildPhase;
			buildActionMask = 2147483647;
			files = (
			);
			runOnlyForDeploymentPostprocessing = 0;
		};
		0BF817D22213FA89006A9C32 /* Frameworks */ = {
			isa = PBXFrameworksBuildPhase;
			buildActionMask = 2147483647;
			files = (
			);
			runOnlyForDeploymentPostprocessing = 0;
		};
		0BF817DD2213FA89006A9C32 /* Frameworks */ = {
			isa = PBXFrameworksBuildPhase;
			buildActionMask = 2147483647;
			files = (
			);
			runOnlyForDeploymentPostprocessing = 0;
		};
/* End PBXFrameworksBuildPhase section */

/* Begin PBXGroup section */
		0BF817B82213FA7E006A9C32 = {
			isa = PBXGroup;
			children = (
				0BF817C32213FA7E006A9C32 /* testlabelinview */,
				0BF817D82213FA89006A9C32 /* testlabelinviewTests */,
				0BF817E32213FA89006A9C32 /* testlabelinviewUITests */,
				0BF817C22213FA7E006A9C32 /* Products */,
			);
			sourceTree = "<group>";
		};
		0BF817C22213FA7E006A9C32 /* Products */ = {
			isa = PBXGroup;
			children = (
				0BF817C12213FA7E006A9C32 /* testlabelinview.app */,
				0BF817D52213FA89006A9C32 /* testlabelinviewTests.xctest */,
				0BF817E02213FA89006A9C32 /* testlabelinviewUITests.xctest */,
			);
			name = Products;
			sourceTree = "<group>";
		};
		0BF817C32213FA7E006A9C32 /* testlabelinview */ = {
			isa = PBXGroup;
			children = (
				0BF817C42213FA7E006A9C32 /* AppDelegate.swift */,
				0BF817C62213FA7E006A9C32 /* ViewController.swift */,
				0BF817C82213FA7E006A9C32 /* Main.storyboard */,
				0BF817CB2213FA89006A9C32 /* Assets.xcassets */,
				0BF817CD2213FA89006A9C32 /* LaunchScreen.storyboard */,
				0BF817D02213FA89006A9C32 /* Info.plist */,
			);
			path = testlabelinview;
			sourceTree = "<group>";
		};
		0BF817D82213FA89006A9C32 /* testlabelinviewTests */ = {
			isa = PBXGroup;
			children = (
				0BF817D92213FA89006A9C32 /* testlabelinviewTests.swift */,
				0BF817DB2213FA89006A9C32 /* Info.plist */,
			);
			path = testlabelinviewTests;
			sourceTree = "<group>";
		};
		0BF817E32213FA89006A9C32 /* testlabelinviewUITests */ = {
			isa = PBXGroup;
			children = (
				0BF817E42213FA89006A9C32 /* testlabelinviewUITests.swift */,
				0BF817E62213FA89006A9C32 /* Info.plist */,
			);
			path = testlabelinviewUITests;
			sourceTree = "<group>";
		};
/* End PBXGroup section */

/* Begin PBXNativeTarget section */
		0BF817C02213FA7E006A9C32 /* testlabelinview */ = {
			isa = PBXNativeTarget;
			buildConfigurationList = 0BF817E92213FA89006A9C32 /* Build configuration list for PBXNativeTarget "testlabelinview" */;
			buildPhases = (
				0BF817BD2213FA7E006A9C32 /* Sources */,
				0BF817BE2213FA7E006A9C32 /* Frameworks */,
				0BF817BF2213FA7E006A9C32 /* Resources */,
			);
			buildRules = (
			);
			dependencies = (
			);
			name = testlabelinview;
			productName = testlabelinview;
			productReference = 0BF817C12213FA7E006A9C32 /* testlabelinview.app */;
			productType = "com.apple.product-type.application";
		};
		0BF817D42213FA89006A9C32 /* testlabelinviewTests */ = {
			isa = PBXNativeTarget;
			buildConfigurationList = 0BF817EC2213FA89006A9C32 /* Build configuration list for PBXNativeTarget "testlabelinviewTests" */;
			buildPhases = (
				0BF817D12213FA89006A9C32 /* Sources */,
				0BF817D22213FA89006A9C32 /* Frameworks */,
				0BF817D32213FA89006A9C32 /* Resources */,
			);
			buildRules = (
			);
			dependencies = (
				0BF817D72213FA89006A9C32 /* PBXTargetDependency */,
			);
			name = testlabelinviewTests;
			productName = testlabelinviewTests;
			productReference = 0BF817D52213FA89006A9C32 /* testlabelinviewTests.xctest */;
			productType = "com.apple.product-type.bundle.unit-test";
		};
		0BF817DF2213FA89006A9C32 /* testlabelinviewUITests */ = {
			isa = PBXNativeTarget;
			buildConfigurationList = 0BF817EF2213FA89006A9C32 /* Build configuration list for PBXNativeTarget "testlabelinviewUITests" */;
			buildPhases = (
				0BF817DC2213FA89006A9C32 /* Sources */,
				0BF817DD2213FA89006A9C32 /* Frameworks */,
				0BF817DE2213FA89006A9C32 /* Resources */,
			);
			buildRules = (
			);
			dependencies = (
				0BF817E22213FA89006A9C32 /* PBXTargetDependency */,
			);
			name = testlabelinviewUITests;
			productName = testlabelinviewUITests;
			productReference = 0BF817E02213FA89006A9C32 /* testlabelinviewUITests.xctest */;
			productType = "com.apple.product-type.bundle.ui-testing";
		};
/* End PBXNativeTarget section */

/* Begin PBXProject section */
		0BF817B92213FA7E006A9C32 /* Project object */ = {
			isa = PBXProject;
			attributes = {
				LastSwiftUpdateCheck = 1010;
				LastUpgradeCheck = 1010;
				ORGANIZATIONNAME = "Ron Rith";
				TargetAttributes = {
					0BF817C02213FA7E006A9C32 = {
						CreatedOnToolsVersion = 10.1;
					};
					0BF817D42213FA89006A9C32 = {
						CreatedOnToolsVersion = 10.1;
						TestTargetID = 0BF817C02213FA7E006A9C32;
					};
					0BF817DF2213FA89006A9C32 = {
						CreatedOnToolsVersion = 10.1;
						TestTargetID = 0BF817C02213FA7E006A9C32;
					};
				};
			};
			buildConfigurationList = 0BF817BC2213FA7E006A9C32 /* Build configuration list for PBXProject "testlabelinview" */;
			compatibilityVersion = "Xcode 9.3";
			developmentRegion = en;
			hasScannedForEncodings = 0;
			knownRegions = (
				en,
				Base,
			);
			mainGroup = 0BF817B82213FA7E006A9C32;
			productRefGroup = 0BF817C22213FA7E006A9C32 /* Products */;
			projectDirPath = "";
			projectRoot = "";
			targets = (
				0BF817C02213FA7E006A9C32 /* testlabelinview */,
				0BF817D42213FA89006A9C32 /* testlabelinviewTests */,
				0BF817DF2213FA89006A9C32 /* testlabelinviewUITests */,
			);
		};
/* End PBXProject section */

/* Begin PBXResourcesBuildPhase section */
		0BF817BF2213FA7E006A9C32 /* Resources */ = {
			isa = PBXResourcesBuildPhase;
			buildActionMask = 2147483647;
			files = (
				0BF817CF2213FA89006A9C32 /* LaunchScreen.storyboard in Resources */,
				0BF817CC2213FA89006A9C32 /* Assets.xcassets in Resources */,
				0BF817CA2213FA7E006A9C32 /* Main.storyboard in Resources */,
			);
			runOnlyForDeploymentPostprocessing = 0;
		};
		0BF817D32213FA89006A9C32 /* Resources */ = {
			isa = PBXResourcesBuildPhase;
			buildActionMask = 2147483647;
			files = (
			);
			runOnlyForDeploymentPostprocessing = 0;
		};
		0BF817DE2213FA89006A9C32 /* Resources */ = {
			isa = PBXResourcesBuildPhase;
			buildActionMask = 2147483647;
			files = (
			);
			runOnlyForDeploymentPostprocessing = 0;
		};
/* End PBXResourcesBuildPhase section */

/* Begin PBXSourcesBuildPhase section */
		0BF817BD2213FA7E006A9C32 /* Sources */ = {
			isa = PBXSourcesBuildPhase;
			buildActionMask = 2147483647;
			files = (
				0BF817C72213FA7E006A9C32 /* ViewController.swift in Sources */,
				0BF817C52213FA7E006A9C32 /* AppDelegate.swift in Sources */,
			);
			runOnlyForDeploymentPostprocessing = 0;
		};
		0BF817D12213FA89006A9C32 /* Sources */ = {
			isa = PBXSourcesBuildPhase;
			buildActionMask = 2147483647;
			files = (
				0BF817DA2213FA89006A9C32 /* testlabelinviewTests.swift in Sources */,
			);
			runOnlyForDeploymentPostprocessing = 0;
		};
		0BF817DC2213FA89006A9C32 /* Sources */ = {
			isa = PBXSourcesBuildPhase;
			buildActionMask = 2147483647;
			files = (
				0BF817E52213FA89006A9C32 /* testlabelinviewUITests.swift in Sources */,
			);
			runOnlyForDeploymentPostprocessing = 0;
		};
/* End PBXSourcesBuildPhase section */

/* Begin PBXTargetDependency section */
		0BF817D72213FA89006A9C32 /* PBXTargetDependency */ = {
			isa = PBXTargetDependency;
			target = 0BF817C02213FA7E006A9C32 /* testlabelinview */;
			targetProxy = 0BF817D62213FA89006A9C32 /* PBXContainerItemProxy */;
		};
		0BF817E22213FA89006A9C32 /* PBXTargetDependency */ = {
			isa = PBXTargetDependency;
			target = 0BF817C02213FA7E006A9C32 /* testlabelinview */;
			targetProxy = 0BF817E12213FA89006A9C32 /* PBXContainerItemProxy */;
		};
/* End PBXTargetDependency section */

/* Begin PBXVariantGroup section */
		0BF817C82213FA7E006A9C32 /* Main.storyboard */ = {
			isa = PBXVariantGroup;
			children = (
				0BF817C92213FA7E006A9C32 /* Base */,
			);
			name = Main.storyboard;
			sourceTree = "<group>";
		};
		0BF817CD2213FA89006A9C32 /* LaunchScreen.storyboard */ = {
			isa = PBXVariantGroup;
			children = (
				0BF817CE2213FA89006A9C32 /* Base */,
			);
			name = LaunchScreen.storyboard;
			sourceTree = "<group>";
		};
/* End PBXVariantGroup section */

/* Begin XCBuildConfiguration section */
		0BF817E72213FA89006A9C32 /* Debug */ = {
			isa = XCBuildConfiguration;
			buildSettings = {
				ALWAYS_SEARCH_USER_PATHS = NO;
				CLANG_ANALYZER_NONNULL = YES;
				CLANG_ANALYZER_NUMBER_OBJECT_CONVERSION = YES_AGGRESSIVE;
				CLANG_CXX_LANGUAGE_STANDARD = "gnu++14";
				CLANG_CXX_LIBRARY = "libc++";
				CLANG_ENABLE_MODULES = YES;
				CLANG_ENABLE_OBJC_ARC = YES;
				CLANG_ENABLE_OBJC_WEAK = YES;
				CLANG_WARN_BLOCK_CAPTURE_AUTORELEASING = YES;
				CLANG_WARN_BOOL_CONVERSION = YES;
				CLANG_WARN_COMMA = YES;
				CLANG_WARN_CONSTANT_CONVERSION = YES;
				CLANG_WARN_DEPRECATED_OBJC_IMPLEMENTATIONS = YES;
				CLANG_WARN_DIRECT_OBJC_ISA_USAGE = YES_ERROR;
				CLANG_WARN_DOCUMENTATION_COMMENTS = YES;
				CLANG_WARN_EMPTY_BODY = YES;
				CLANG_WARN_ENUM_CONVERSION = YES;
				CLANG_WARN_INFINITE_RECURSION = YES;
				CLANG_WARN_INT_CONVERSION = YES;
				CLANG_WARN_NON_LITERAL_NULL_CONVERSION = YES;
				CLANG_WARN_OBJC_IMPLICIT_RETAIN_SELF = YES;
				CLANG_WARN_OBJC_LITERAL_CONVERSION = YES;
				CLANG_WARN_OBJC_ROOT_CLASS = YES_ERROR;
				CLANG_WARN_RANGE_LOOP_ANALYSIS = YES;
				CLANG_WARN_STRICT_PROTOTYPES = YES;
				CLANG_WARN_SUSPICIOUS_MOVE = YES;
				CLANG_WARN_UNGUARDED_AVAILABILITY = YES_AGGRESSIVE;
				CLANG_WARN_UNREACHABLE_CODE = YES;
				CLANG_WARN__DUPLICATE_METHOD_MATCH = YES;
				CODE_SIGN_IDENTITY = "iPhone Developer";
				COPY_PHASE_STRIP = NO;
				DEBUG_INFORMATION_FORMAT = dwarf;
				ENABLE_STRICT_OBJC_MSGSEND = YES;
				ENABLE_TESTABILITY = YES;
				GCC_C_LANGUAGE_STANDARD = gnu11;
				GCC_DYNAMIC_NO_PIC = NO;
				GCC_NO_COMMON_BLOCKS = YES;
				GCC_OPTIMIZATION_LEVEL = 0;
				GCC_PREPROCESSOR_DEFINITIONS = (
					"DEBUG=1",
					"$(inherited)",
				);
				GCC_WARN_64_TO_32_BIT_CONVERSION = YES;
				GCC_WARN_ABOUT_RETURN_TYPE = YES_ERROR;
				GCC_WARN_UNDECLARED_SELECTOR = YES;
				GCC_WARN_UNINITIALIZED_AUTOS = YES_AGGRESSIVE;
				GCC_WARN_UNUSED_FUNCTION = YES;
				GCC_WARN_UNUSED_VARIABLE = YES;
				IPHONEOS_DEPLOYMENT_TARGET = 12.1;
				MTL_ENABLE_DEBUG_INFO = INCLUDE_SOURCE;
				MTL_FAST_MATH = YES;
				ONLY_ACTIVE_ARCH = YES;
				SDKROOT = iphoneos;
				SWIFT_ACTIVE_COMPILATION_CONDITIONS = DEBUG;
				SWIFT_OPTIMIZATION_LEVEL = "-Onone";
			};
			name = Debug;
		};
		0BF817E82213FA89006A9C32 /* Release */ = {
			isa = XCBuildConfiguration;
			buildSettings = {
				ALWAYS_SEARCH_USER_PATHS = NO;
				CLANG_ANALYZER_NONNULL = YES;
				CLANG_ANALYZER_NUMBER_OBJECT_CONVERSION = YES_AGGRESSIVE;
				CLANG_CXX_LANGUAGE_STANDARD = "gnu++14";
				CLANG_CXX_LIBRARY = "libc++";
				CLANG_ENABLE_MODULES = YES;
				CLANG_ENABLE_OBJC_ARC = YES;
				CLANG_ENABLE_OBJC_WEAK = YES;
				CLANG_WARN_BLOCK_CAPTURE_AUTORELEASING = YES;
				CLANG_WARN_BOOL_CONVERSION = YES;
				CLANG_WARN_COMMA = YES;
				CLANG_WARN_CONSTANT_CONVERSION = YES;
				CLANG_WARN_DEPRECATED_OBJC_IMPLEMENTATIONS = YES;
				CLANG_WARN_DIRECT_OBJC_ISA_USAGE = YES_ERROR;
				CLANG_WARN_DOCUMENTATION_COMMENTS = YES;
				CLANG_WARN_EMPTY_BODY = YES;
				CLANG_WARN_ENUM_CONVERSION = YES;
				CLANG_WARN_INFINITE_RECURSION = YES;
				CLANG_WARN_INT_CONVERSION = YES;
				CLANG_WARN_NON_LITERAL_NULL_CONVERSION = YES;
				CLANG_WARN_OBJC_IMPLICIT_RETAIN_SELF = YES;
				CLANG_WARN_OBJC_LITERAL_CONVERSION = YES;
				CLANG_WARN_OBJC_ROOT_CLASS = YES_ERROR;
				CLANG_WARN_RANGE_LOOP_ANALYSIS = YES;
				CLANG_WARN_STRICT_PROTOTYPES = YES;
				CLANG_WARN_SUSPICIOUS_MOVE = YES;
				CLANG_WARN_UNGUARDED_AVAILABILITY = YES_AGGRESSIVE;
				CLANG_WARN_UNREACHABLE_CODE = YES;
				CLANG_WARN__DUPLICATE_METHOD_MATCH = YES;
				CODE_SIGN_IDENTITY = "iPhone Developer";
				COPY_PHASE_STRIP = NO;
				DEBUG_INFORMATION_FORMAT = "dwarf-with-dsym";
				ENABLE_NS_ASSERTIONS = NO;
				ENABLE_STRICT_OBJC_MSGSEND = YES;
				GCC_C_LANGUAGE_STANDARD = gnu11;
				GCC_NO_COMMON_BLOCKS = YES;
				GCC_WARN_64_TO_32_BIT_CONVERSION = YES;
				GCC_WARN_ABOUT_RETURN_TYPE = YES_ERROR;
				GCC_WARN_UNDECLARED_SELECTOR = YES;
				GCC_WARN_UNINITIALIZED_AUTOS = YES_AGGRESSIVE;
				GCC_WARN_UNUSED_FUNCTION = YES;
				GCC_WARN_UNUSED_VARIABLE = YES;
				IPHONEOS_DEPLOYMENT_TARGET = 12.1;
				MTL_ENABLE_DEBUG_INFO = NO;
				MTL_FAST_MATH = YES;
				SDKROOT = iphoneos;
				SWIFT_COMPILATION_MODE = wholemodule;
				SWIFT_OPTIMIZATION_LEVEL = "-O";
				VALIDATE_PRODUCT = YES;
			};
			name = Release;
		};
		0BF817EA2213FA89006A9C32 /* Debug */ = {
			isa = XCBuildConfiguration;
			buildSettings = {
				ASSETCATALOG_COMPILER_APPICON_NAME = AppIcon;
				CODE_SIGN_STYLE = Automatic;
				DEVELOPMENT_TEAM = 57CTB5V29H;
				INFOPLIST_FILE = testlabelinview/Info.plist;
				LD_RUNPATH_SEARCH_PATHS = (
					"$(inherited)",
					"@executable_path/Frameworks",
				);
				PRODUCT_BUNDLE_IDENTIFIER = rdbcalenartest.testlabelinview;
				PRODUCT_NAME = "$(TARGET_NAME)";
				SWIFT_VERSION = 4.2;
				TARGETED_DEVICE_FAMILY = "1,2";
			};
			name = Debug;
		};
		0BF817EB2213FA89006A9C32 /* Release */ = {
			isa = XCBuildConfiguration;
			buildSettings = {
				ASSETCATALOG_COMPILER_APPICON_NAME = AppIcon;
				CODE_SIGN_STYLE = Automatic;
				DEVELOPMENT_TEAM = 57CTB5V29H;
				INFOPLIST_FILE = testlabelinview/Info.plist;
				LD_RUNPATH_SEARCH_PATHS = (
					"$(inherited)",
					"@executable_path/Frameworks",
				);
				PRODUCT_BUNDLE_IDENTIFIER = rdbcalenartest.testlabelinview;
				PRODUCT_NAME = "$(TARGET_NAME)";
				SWIFT_VERSION = 4.2;
				TARGETED_DEVICE_FAMILY = "1,2";
			};
			name = Release;
		};
		0BF817ED2213FA89006A9C32 /* Debug */ = {
			isa = XCBuildConfiguration;
			buildSettings = {
				ALWAYS_EMBED_SWIFT_STANDARD_LIBRARIES = YES;
				BUNDLE_LOADER = "$(TEST_HOST)";
				CODE_SIGN_STYLE = Automatic;
				DEVELOPMENT_TEAM = 57CTB5V29H;
				INFOPLIST_FILE = testlabelinviewTests/Info.plist;
				LD_RUNPATH_SEARCH_PATHS = (
					"$(inherited)",
					"@executable_path/Frameworks",
					"@loader_path/Frameworks",
				);
				PRODUCT_BUNDLE_IDENTIFIER = rdbcalenartest.testlabelinviewTests;
				PRODUCT_NAME = "$(TARGET_NAME)";
				SWIFT_VERSION = 4.2;
				TARGETED_DEVICE_FAMILY = "1,2";
				TEST_HOST = "$(BUILT_PRODUCTS_DIR)/testlabelinview.app/testlabelinview";
			};
			name = Debug;
		};
		0BF817EE2213FA89006A9C32 /* Release */ = {
			isa = XCBuildConfiguration;
			buildSettings = {
				ALWAYS_EMBED_SWIFT_STANDARD_LIBRARIES = YES;
				BUNDLE_LOADER = "$(TEST_HOST)";
				CODE_SIGN_STYLE = Automatic;
				DEVELOPMENT_TEAM = 57CTB5V29H;
				INFOPLIST_FILE = testlabelinviewTests/Info.plist;
				LD_RUNPATH_SEARCH_PATHS = (
					"$(inherited)",
					"@executable_path/Frameworks",
					"@loader_path/Frameworks",
				);
				PRODUCT_BUNDLE_IDENTIFIER = rdbcalenartest.testlabelinviewTests;
				PRODUCT_NAME = "$(TARGET_NAME)";
				SWIFT_VERSION = 4.2;
				TARGETED_DEVICE_FAMILY = "1,2";
				TEST_HOST = "$(BUILT_PRODUCTS_DIR)/testlabelinview.app/testlabelinview";
			};
			name = Release;
		};
		0BF817F02213FA89006A9C32 /* Debug */ = {
			isa = XCBuildConfiguration;
			buildSettings = {
				ALWAYS_EMBED_SWIFT_STANDARD_LIBRARIES = YES;
				CODE_SIGN_STYLE = Automatic;
				DEVELOPMENT_TEAM = 57CTB5V29H;
				INFOPLIST_FILE = testlabelinviewUITests/Info.plist;
				LD_RUNPATH_SEARCH_PATHS = (
					"$(inherited)",
					"@executable_path/Frameworks",
					"@loader_path/Frameworks",
				);
				PRODUCT_BUNDLE_IDENTIFIER = rdbcalenartest.testlabelinviewUITests;
				PRODUCT_NAME = "$(TARGET_NAME)";
				SWIFT_VERSION = 4.2;
				TARGETED_DEVICE_FAMILY = "1,2";
				TEST_TARGET_NAME = testlabelinview;
			};
			name = Debug;
		};
		0BF817F12213FA89006A9C32 /* Release */ = {
			isa = XCBuildConfiguration;
			buildSettings = {
				ALWAYS_EMBED_SWIFT_STANDARD_LIBRARIES = YES;
				CODE_SIGN_STYLE = Automatic;
				DEVELOPMENT_TEAM = 57CTB5V29H;
				INFOPLIST_FILE = testlabelinviewUITests/Info.plist;
				LD_RUNPATH_SEARCH_PATHS = (
					"$(inherited)",
					"@executable_path/Frameworks",
					"@loader_path/Frameworks",
				);
				PRODUCT_BUNDLE_IDENTIFIER = rdbcalenartest.testlabelinviewUITests;
				PRODUCT_NAME = "$(TARGET_NAME)";
				SWIFT_VERSION = 4.2;
				TARGETED_DEVICE_FAMILY = "1,2";
				TEST_TARGET_NAME = testlabelinview;
			};
			name = Release;
		};
/* End XCBuildConfiguration section */

/* Begin XCConfigurationList section */
		0BF817BC2213FA7E006A9C32 /* Build configuration list for PBXProject "testlabelinview" */ = {
			isa = XCConfigurationList;
			buildConfigurations = (
				0BF817E72213FA89006A9C32 /* Debug */,
				0BF817E82213FA89006A9C32 /* Release */,
			);
			defaultConfigurationIsVisible = 0;
			defaultConfigurationName = Release;
		};
		0BF817E92213FA89006A9C32 /* Build configuration list for PBXNativeTarget "testlabelinview" */ = {
			isa = XCConfigurationList;
			buildConfigurations = (
				0BF817EA2213FA89006A9C32 /* Debug */,
				0BF817EB2213FA89006A9C32 /* Release */,
			);
			defaultConfigurationIsVisible = 0;
			defaultConfigurationName = Release;
		};
		0BF817EC2213FA89006A9C32 /* Build configuration list for PBXNativeTarget "testlabelinviewTests" */ = {
			isa = XCConfigurationList;
			buildConfigurations = (
				0BF817ED2213FA89006A9C32 /* Debug */,
				0BF817EE2213FA89006A9C32 /* Release */,
			);
			defaultConfigurationIsVisible = 0;
			defaultConfigurationName = Release;
		};
		0BF817EF2213FA89006A9C32 /* Build configuration list for PBXNativeTarget "testlabelinviewUITests" */ = {
			isa = XCConfigurationList;
			buildConfigurations = (
				0BF817F02213FA89006A9C32 /* Debug */,
				0BF817F12213FA89006A9C32 /* Release */,
			);
			defaultConfigurationIsVisible = 0;
			defaultConfigurationName = Release;
		};
/* End XCConfigurationList section */
	};
	rootObject = 0BF817B92213FA7E006A9C32 /* Project object */;
}
